<Solution>
  <Project Path="src/SystemMonitor.Dashboard/SystemMonitor.Dashboard.csproj" />
  <Project Path="src/SystemMonitor.Sensor/SystemMonitor.Sensor.csproj" />
  <Project Path="src/SystemMonitor.Agent/SystemMonitor.Agent.csproj" />
  <Project Path="src/SystemMonitor.Shared/SystemMonitor.Shared.csproj" />
</Solution>
